// !$*UTF8*$!
{
	archiveVersion = 1;
	classes = {
	};
	objectVersion = 51;
	objects = {

/* Begin PBXBuildFile section */
		2B043613255518620092281C /* Extensions.swift in Sources */ = {isa = PBXBuildFile; fileRef = 2B043612255518620092281C /* Extensions.swift */; };
		2B378B6925593989000934F2 /* Constants.swift in Sources */ = {isa = PBXBuildFile; fileRef = 2B378B6825593989000934F2 /* Constants.swift */; };
		2B378B94255A5A20000934F2 /* TaskCell.swift in Sources */ = {isa = PBXBuildFile; fileRef = 2B378B93255A5A20000934F2 /* TaskCell.swift */; };
		2B378B9F255A62B6000934F2 /* Source.swift in Sources */ = {isa = PBXBuildFile; fileRef = 2B378B9E255A62B6000934F2 /* Source.swift */; };
		2B9A109C256267F200D51DC8 /* Task.swift in Sources */ = {isa = PBXBuildFile; fileRef = 2B9A109B256267F200D51DC8 /* Task.swift */; };
		2BD00944255BCA7F00DE522E /* NewTaskViewModel.swift in Sources */ = {isa = PBXBuildFile; fileRef = 2BD00943255BCA7E00DE522E /* NewTaskViewModel.swift */; };
		2BDA387E2553F7F60093CDD8 /* AppDelegate.swift in Sources */ = {isa = PBXBuildFile; fileRef = 2BDA387D2553F7F60093CDD8 /* AppDelegate.swift */; };
		2BDA38802553F7F60093CDD8 /* SceneDelegate.swift in Sources */ = {isa = PBXBuildFile; fileRef = 2BDA387F2553F7F60093CDD8 /* SceneDelegate.swift */; };
		2BDA38822553F7F60093CDD8 /* ToDoController.swift in Sources */ = {isa = PBXBuildFile; fileRef = 2BDA38812553F7F60093CDD8 /* ToDoController.swift */; };
		2BDA38852553F7F60093CDD8 /* Main.storyboard in Resources */ = {isa = PBXBuildFile; fileRef = 2BDA38832553F7F60093CDD8 /* Main.storyboard */; };
		2BDA38882553F7F60093CDD8 /* ToDo_List.xcdatamodeld in Sources */ = {isa = PBXBuildFile; fileRef = 2BDA38862553F7F60093CDD8 /* ToDo_List.xcdatamodeld */; };
		2BDA388A2553F7F70093CDD8 /* Assets.xcassets in Resources */ = {isa = PBXBuildFile; fileRef = 2BDA38892553F7F70093CDD8 /* Assets.xcassets */; };
		2BDA388D2553F7F70093CDD8 /* LaunchScreen.storyboard in Resources */ = {isa = PBXBuildFile; fileRef = 2BDA388B2553F7F70093CDD8 /* LaunchScreen.storyboard */; };
		3766955F060768B54A4F939D /* Pods_ToDo_List.framework in Frameworks */ = {isa = PBXBuildFile; fileRef = 81C09FD0D5D77761A53B767B /* Pods_ToDo_List.framework */; };
/* End PBXBuildFile section */

/* Begin PBXFileReference section */
		2B043612255518620092281C /* Extensions.swift */ = {isa = PBXFileReference; lastKnownFileType = sourcecode.swift; path = Extensions.swift; sourceTree = "<group>"; };
		2B378B6825593989000934F2 /* Constants.swift */ = {isa = PBXFileReference; lastKnownFileType = sourcecode.swift; path = Constants.swift; sourceTree = "<group>"; };
		2B378B93255A5A20000934F2 /* TaskCell.swift */ = {isa = PBXFileReference; lastKnownFileType = sourcecode.swift; path = TaskCell.swift; sourceTree = "<group>"; };
		2B378B9E255A62B6000934F2 /* Source.swift */ = {isa = PBXFileReference; lastKnownFileType = sourcecode.swift; path = Source.swift; sourceTree = "<group>"; };
		2B9A109B256267F200D51DC8 /* Task.swift */ = {isa = PBXFileReference; lastKnownFileType = sourcecode.swift; path = Task.swift; sourceTree = "<group>"; };
		2BD00943255BCA7E00DE522E /* NewTaskViewModel.swift */ = {isa = PBXFileReference; lastKnownFileType = sourcecode.swift; path = NewTaskViewModel.swift; sourceTree = "<group>"; };
		2BDA387A2553F7F60093CDD8 /* ToDo List.app */ = {isa = PBXFileReference; explicitFileType = wrapper.application; includeInIndex = 0; path = "ToDo List.app"; sourceTree = BUILT_PRODUCTS_DIR; };
		2BDA387D2553F7F60093CDD8 /* AppDelegate.swift */ = {isa = PBXFileReference; lastKnownFileType = sourcecode.swift; path = AppDelegate.swift; sourceTree = "<group>"; };
		2BDA387F2553F7F60093CDD8 /* SceneDelegate.swift */ = {isa = PBXFileReference; lastKnownFileType = sourcecode.swift; path = SceneDelegate.swift; sourceTree = "<group>"; };
		2BDA38812553F7F60093CDD8 /* ToDoController.swift */ = {isa = PBXFileReference; lastKnownFileType = sourcecode.swift; path = ToDoController.swift; sourceTree = "<group>"; };
		2BDA38842553F7F60093CDD8 /* Base */ = {isa = PBXFileReference; lastKnownFileType = file.storyboard; name = Base; path = Base.lproj/Main.storyboard; sourceTree = "<group>"; };
		2BDA38872553F7F60093CDD8 /* ToDo_List.xcdatamodel */ = {isa = PBXFileReference; lastKnownFileType = wrapper.xcdatamodel; path = ToDo_List.xcdatamodel; sourceTree = "<group>"; };
		2BDA38892553F7F70093CDD8 /* Assets.xcassets */ = {isa = PBXFileReference; lastKnownFileType = folder.assetcatalog; path = Assets.xcassets; sourceTree = "<group>"; };
		2BDA388C2553F7F70093CDD8 /* Base */ = {isa = PBXFileReference; lastKnownFileType = file.storyboard; name = Base; path = Base.lproj/LaunchScreen.storyboard; sourceTree = "<group>"; };
		2BDA388E2553F7F70093CDD8 /* Info.plist */ = {isa = PBXFileReference; lastKnownFileType = text.plist.xml; path = Info.plist; sourceTree = "<group>"; };
		608EDBC46DF75C1C13611859 /* Pods-ToDo List.release.xcconfig */ = {isa = PBXFileReference; includeInIndex = 1; lastKnownFileType = text.xcconfig; name = "Pods-ToDo List.release.xcconfig"; path = "Target Support Files/Pods-ToDo List/Pods-ToDo List.release.xcconfig"; sourceTree = "<group>"; };
		81C09FD0D5D77761A53B767B /* Pods_ToDo_List.framework */ = {isa = PBXFileReference; explicitFileType = wrapper.framework; includeInIndex = 0; path = Pods_ToDo_List.framework; sourceTree = BUILT_PRODUCTS_DIR; };
		E388E0F6744F8EAFAB6FD00A /* Pods-ToDo List.debug.xcconfig */ = {isa = PBXFileReference; includeInIndex = 1; lastKnownFileType = text.xcconfig; name = "Pods-ToDo List.debug.xcconfig"; path = "Target Support Files/Pods-ToDo List/Pods-ToDo List.debug.xcconfig"; sourceTree = "<group>"; };
/* End PBXFileReference section */

/* Begin PBXFrameworksBuildPhase section */
		2BDA38772553F7F60093CDD8 /* Frameworks */ = {
			isa = PBXFrameworksBuildPhase;
			buildActionMask = 2147483647;
			files = (
				3766955F060768B54A4F939D /* Pods_ToDo_List.framework in Frameworks */,
			);
			runOnlyForDeploymentPostprocessing = 0;
		};
/* End PBXFrameworksBuildPhase section */

/* Begin PBXGroup section */
		2B0436112555184C0092281C /* Utils */ = {
			isa = PBXGroup;
			children = (
				2B043612255518620092281C /* Extensions.swift */,
				2B378B6825593989000934F2 /* Constants.swift */,
			);
			path = Utils;
			sourceTree = "<group>";
		};
		2BD00942255BCA6400DE522E /* ViewModel */ = {
			isa = PBXGroup;
			children = (
				2BD00943255BCA7E00DE522E /* NewTaskViewModel.swift */,
			);
			path = ViewModel;
			sourceTree = "<group>";
		};
		2BDA38712553F7F60093CDD8 = {
			isa = PBXGroup;
			children = (
				2BDA387C2553F7F60093CDD8 /* ToDo List */,
				2BDA387B2553F7F60093CDD8 /* Products */,
				6FA588D9E919FDDA9CBB2F13 /* Pods */,
				C49025B72EA9BAA82799EBDE /* Frameworks */,
			);
			sourceTree = "<group>";
		};
		2BDA387B2553F7F60093CDD8 /* Products */ = {
			isa = PBXGroup;
			children = (
				2BDA387A2553F7F60093CDD8 /* ToDo List.app */,
			);
			name = Products;
			sourceTree = "<group>";
		};
		2BDA387C2553F7F60093CDD8 /* ToDo List */ = {
			isa = PBXGroup;
			children = (
				2BDA387D2553F7F60093CDD8 /* AppDelegate.swift */,
				2BDA387F2553F7F60093CDD8 /* SceneDelegate.swift */,
				2BDA389E25550A490093CDD8 /* Model */,
				2BDA38A025550A550093CDD8 /* View */,
				2BD00942255BCA6400DE522E /* ViewModel */,
				2BDA38A125550A820093CDD8 /* Controller */,
				2B0436112555184C0092281C /* Utils */,
				2BDA38832553F7F60093CDD8 /* Main.storyboard */,
				2BDA38892553F7F70093CDD8 /* Assets.xcassets */,
				2BDA388B2553F7F70093CDD8 /* LaunchScreen.storyboard */,
				2BDA388E2553F7F70093CDD8 /* Info.plist */,
				2BDA38862553F7F60093CDD8 /* ToDo_List.xcdatamodeld */,
			);
			path = "ToDo List";
			sourceTree = "<group>";
		};
		2BDA389E25550A490093CDD8 /* Model */ = {
			isa = PBXGroup;
			children = (
				2B9A109B256267F200D51DC8 /* Task.swift */,
			);
			path = Model;
			sourceTree = "<group>";
		};
		2BDA38A025550A550093CDD8 /* View */ = {
			isa = PBXGroup;
			children = (
				2B378B93255A5A20000934F2 /* TaskCell.swift */,
				2B378B9E255A62B6000934F2 /* Source.swift */,
			);
			path = View;
			sourceTree = "<group>";
		};
		2BDA38A125550A820093CDD8 /* Controller */ = {
			isa = PBXGroup;
			children = (
				2BDA38812553F7F60093CDD8 /* ToDoController.swift */,
			);
			path = Controller;
			sourceTree = "<group>";
		};
		6FA588D9E919FDDA9CBB2F13 /* Pods */ = {
			isa = PBXGroup;
			children = (
				E388E0F6744F8EAFAB6FD00A /* Pods-ToDo List.debug.xcconfig */,
				608EDBC46DF75C1C13611859 /* Pods-ToDo List.release.xcconfig */,
			);
			path = Pods;
			sourceTree = "<group>";
		};
		C49025B72EA9BAA82799EBDE /* Frameworks */ = {
			isa = PBXGroup;
			children = (
				81C09FD0D5D77761A53B767B /* Pods_ToDo_List.framework */,
			);
			name = Frameworks;
			sourceTree = "<group>";
		};
/* End PBXGroup section */

/* Begin PBXNativeTarget section */
		2BDA38792553F7F60093CDD8 /* ToDo List */ = {
			isa = PBXNativeTarget;
			buildConfigurationList = 2BDA38912553F7F70093CDD8 /* Build configuration list for PBXNativeTarget "ToDo List" */;
			buildPhases = (
				87C787B23585EF7D12A7932D /* [CP] Check Pods Manifest.lock */,
				2BDA38762553F7F60093CDD8 /* Sources */,
				2BDA38772553F7F60093CDD8 /* Frameworks */,
				2BDA38782553F7F60093CDD8 /* Resources */,
				37B8C31BF77E62E3E64502A7 /* [CP] Embed Pods Frameworks */,
			);
			buildRules = (
			);
			dependencies = (
			);
			name = "ToDo List";
			productName = "ToDo List";
			productReference = 2BDA387A2553F7F60093CDD8 /* ToDo List.app */;
			productType = "com.apple.product-type.application";
		};
/* End PBXNativeTarget section */

/* Begin PBXProject section */
		2BDA38722553F7F60093CDD8 /* Project object */ = {
			isa = PBXProject;
			attributes = {
				LastSwiftUpdateCheck = 1200;
				LastUpgradeCheck = 1200;
				TargetAttributes = {
					2BDA38792553F7F60093CDD8 = {
						CreatedOnToolsVersion = 12.0.1;
					};
				};
			};
			buildConfigurationList = 2BDA38752553F7F60093CDD8 /* Build configuration list for PBXProject "ToDo List" */;
			compatibilityVersion = "Xcode 9.3";
			developmentRegion = en;
			hasScannedForEncodings = 0;
			knownRegions = (
				en,
				Base,
			);
			mainGroup = 2BDA38712553F7F60093CDD8;
			productRefGroup = 2BDA387B2553F7F60093CDD8 /* Products */;
			projectDirPath = "";
			projectRoot = "";
			targets = (
				2BDA38792553F7F60093CDD8 /* ToDo List */,
			);
		};
/* End PBXProject section */

/* Begin PBXResourcesBuildPhase section */
		2BDA38782553F7F60093CDD8 /* Resources */ = {
			isa = PBXResourcesBuildPhase;
			buildActionMask = 2147483647;
			files = (
				2BDA388D2553F7F70093CDD8 /* LaunchScreen.storyboard in Resources */,
				2BDA388A2553F7F70093CDD8 /* Assets.xcassets in Resources */,
				2BDA38852553F7F60093CDD8 /* Main.storyboard in Resources */,
			);
			runOnlyForDeploymentPostprocessing = 0;
		};
/* End PBXResourcesBuildPhase section */

/* Begin PBXShellScriptBuildPhase section */
		37B8C31BF77E62E3E64502A7 /* [CP] Embed Pods Frameworks */ = {
			isa = PBXShellScriptBuildPhase;
			buildActionMask = 2147483647;
			files = (
			);
			inputFileListPaths = (
				"${PODS_ROOT}/Target Support Files/Pods-ToDo List/Pods-ToDo List-frameworks-${CONFIGURATION}-input-files.xcfilelist",
			);
			name = "[CP] Embed Pods Frameworks";
			outputFileListPaths = (
				"${PODS_ROOT}/Target Support Files/Pods-ToDo List/Pods-ToDo List-frameworks-${CONFIGURATION}-output-files.xcfilelist",
			);
			runOnlyForDeploymentPostprocessing = 0;
			shellPath = /bin/sh;
			shellScript = "\"${PODS_ROOT}/Target Support Files/Pods-ToDo List/Pods-ToDo List-frameworks.sh\"\n";
			showEnvVarsInLog = 0;
		};
		87C787B23585EF7D12A7932D /* [CP] Check Pods Manifest.lock */ = {
			isa = PBXShellScriptBuildPhase;
			buildActionMask = 2147483647;
			files = (
			);
			inputFileListPaths = (
			);
			inputPaths = (
				"${PODS_PODFILE_DIR_PATH}/Podfile.lock",
				"${PODS_ROOT}/Manifest.lock",
			);
			name = "[CP] Check Pods Manifest.lock";
			outputFileListPaths = (
			);
			outputPaths = (
				"$(DERIVED_FILE_DIR)/Pods-ToDo List-checkManifestLockResult.txt",
			);
			runOnlyForDeploymentPostprocessing = 0;
			shellPath = /bin/sh;
			shellScript = "diff \"${PODS_PODFILE_DIR_PATH}/Podfile.lock\" \"${PODS_ROOT}/Manifest.lock\" > /dev/null\nif [ $? != 0 ] ; then\n    # print error to STDERR\n    echo \"error: The sandbox is not in sync with the Podfile.lock. Run 'pod install' or update your CocoaPods installation.\" >&2\n    exit 1\nfi\n# This output is used by Xcode 'outputs' to avoid re-running this script phase.\necho \"SUCCESS\" > \"${SCRIPT_OUTPUT_FILE_0}\"\n";
			showEnvVarsInLog = 0;
		};
/* End PBXShellScriptBuildPhase section */

/* Begin PBXSourcesBuildPhase section */
		2BDA38762553F7F60093CDD8 /* Sources */ = {
			isa = PBXSourcesBuildPhase;
			buildActionMask = 2147483647;
			files = (
				2BDA38822553F7F60093CDD8 /* ToDoController.swift in Sources */,
				2B043613255518620092281C /* Extensions.swift in Sources */,
				2BD00944255BCA7F00DE522E /* NewTaskViewModel.swift in Sources */,
				2B9A109C256267F200D51DC8 /* Task.swift in Sources */,
				2B378B94255A5A20000934F2 /* TaskCell.swift in Sources */,
				2BDA387E2553F7F60093CDD8 /* AppDelegate.swift in Sources */,
				2BDA38802553F7F60093CDD8 /* SceneDelegate.swift in Sources */,
				2BDA38882553F7F60093CDD8 /* ToDo_List.xcdatamodeld in Sources */,
				2B378B9F255A62B6000934F2 /* Source.swift in Sources */,
				2B378B6925593989000934F2 /* Constants.swift in Sources */,
			);
			runOnlyForDeploymentPostprocessing = 0;
		};
/* End PBXSourcesBuildPhase section */

/* Begin PBXVariantGroup section */
		2BDA38832553F7F60093CDD8 /* Main.storyboard */ = {
			isa = PBXVariantGroup;
			children = (
				2BDA38842553F7F60093CDD8 /* Base */,
			);
			name = Main.storyboard;
			sourceTree = "<group>";
		};
		2BDA388B2553F7F70093CDD8 /* LaunchScreen.storyboard */ = {
			isa = PBXVariantGroup;
			children = (
				2BDA388C2553F7F70093CDD8 /* Base */,
			);
			name = LaunchScreen.storyboard;
			sourceTree = "<group>";
		};
/* End PBXVariantGroup section */

/* Begin XCBuildConfiguration section */
		2BDA388F2553F7F70093CDD8 /* Debug */ = {
			isa = XCBuildConfiguration;
			buildSettings = {
				ALWAYS_SEARCH_USER_PATHS = NO;
				CLANG_ANALYZER_NONNULL = YES;
				CLANG_ANALYZER_NUMBER_OBJECT_CONVERSION = YES_AGGRESSIVE;
				CLANG_CXX_LANGUAGE_STANDARD = "gnu++14";
				CLANG_CXX_LIBRARY = "libc++";
				CLANG_ENABLE_MODULES = YES;
				CLANG_ENABLE_OBJC_ARC = YES;
				CLANG_ENABLE_OBJC_WEAK = YES;
				CLANG_WARN_BLOCK_CAPTURE_AUTORELEASING = YES;
				CLANG_WARN_BOOL_CONVERSION = YES;
				CLANG_WARN_COMMA = YES;
				CLANG_WARN_CONSTANT_CONVERSION = YES;
				CLANG_WARN_DEPRECATED_OBJC_IMPLEMENTATIONS = YES;
				CLANG_WARN_DIRECT_OBJC_ISA_USAGE = YES_ERROR;
				CLANG_WARN_DOCUMENTATION_COMMENTS = YES;
				CLANG_WARN_EMPTY_BODY = YES;
				CLANG_WARN_ENUM_CONVERSION = YES;
				CLANG_WARN_INFINITE_RECURSION = YES;
				CLANG_WARN_INT_CONVERSION = YES;
				CLANG_WARN_NON_LITERAL_NULL_CONVERSION = YES;
				CLANG_WARN_OBJC_IMPLICIT_RETAIN_SELF = YES;
				CLANG_WARN_OBJC_LITERAL_CONVERSION = YES;
				CLANG_WARN_OBJC_ROOT_CLASS = YES_ERROR;
				CLANG_WARN_QUOTED_INCLUDE_IN_FRAMEWORK_HEADER = YES;
				CLANG_WARN_RANGE_LOOP_ANALYSIS = YES;
				CLANG_WARN_STRICT_PROTOTYPES = YES;
				CLANG_WARN_SUSPICIOUS_MOVE = YES;
				CLANG_WARN_UNGUARDED_AVAILABILITY = YES_AGGRESSIVE;
				CLANG_WARN_UNREACHABLE_CODE = YES;
				CLANG_WARN__DUPLICATE_METHOD_MATCH = YES;
				COPY_PHASE_STRIP = NO;
				DEBUG_INFORMATION_FORMAT = dwarf;
				ENABLE_STRICT_OBJC_MSGSEND = YES;
				ENABLE_TESTABILITY = YES;
				GCC_C_LANGUAGE_STANDARD = gnu11;
				GCC_DYNAMIC_NO_PIC = NO;
				GCC_NO_COMMON_BLOCKS = YES;
				GCC_OPTIMIZATION_LEVEL = 0;
				GCC_PREPROCESSOR_DEFINITIONS = (
					"DEBUG=1",
					"$(inherited)",
				);
				GCC_WARN_64_TO_32_BIT_CONVERSION = YES;
				GCC_WARN_ABOUT_RETURN_TYPE = YES_ERROR;
				GCC_WARN_UNDECLARED_SELECTOR = YES;
				GCC_WARN_UNINITIALIZED_AUTOS = YES_AGGRESSIVE;
				GCC_WARN_UNUSED_FUNCTION = YES;
				GCC_WARN_UNUSED_VARIABLE = YES;
				IPHONEOS_DEPLOYMENT_TARGET = 14.0;
				MTL_ENABLE_DEBUG_INFO = INCLUDE_SOURCE;
				MTL_FAST_MATH = YES;
				ONLY_ACTIVE_ARCH = YES;
				SDKROOT = iphoneos;
				SWIFT_ACTIVE_COMPILATION_CONDITIONS = DEBUG;
				SWIFT_OPTIMIZATION_LEVEL = "-Onone";
			};
			name = Debug;
		};
		2BDA38902553F7F70093CDD8 /* Release */ = {
			isa = XCBuildConfiguration;
			buildSettings = {
				ALWAYS_SEARCH_USER_PATHS = NO;
				CLANG_ANALYZER_NONNULL = YES;
				CLANG_ANALYZER_NUMBER_OBJECT_CONVERSION = YES_AGGRESSIVE;
				CLANG_CXX_LANGUAGE_STANDARD = "gnu++14";
				CLANG_CXX_LIBRARY = "libc++";
				CLANG_ENABLE_MODULES = YES;
				CLANG_ENABLE_OBJC_ARC = YES;
				CLANG_ENABLE_OBJC_WEAK = YES;
				CLANG_WARN_BLOCK_CAPTURE_AUTORELEASING = YES;
				CLANG_WARN_BOOL_CONVERSION = YES;
				CLANG_WARN_COMMA = YES;
				CLANG_WARN_CONSTANT_CONVERSION = YES;
				CLANG_WARN_DEPRECATED_OBJC_IMPLEMENTATIONS = YES;
				CLANG_WARN_DIRECT_OBJC_ISA_USAGE = YES_ERROR;
				CLANG_WARN_DOCUMENTATION_COMMENTS = YES;
				CLANG_WARN_EMPTY_BODY = YES;
				CLANG_WARN_ENUM_CONVERSION = YES;
				CLANG_WARN_INFINITE_RECURSION = YES;
				CLANG_WARN_INT_CONVERSION = YES;
				CLANG_WARN_NON_LITERAL_NULL_CONVERSION = YES;
				CLANG_WARN_OBJC_IMPLICIT_RETAIN_SELF = YES;
				CLANG_WARN_OBJC_LITERAL_CONVERSION = YES;
				CLANG_WARN_OBJC_ROOT_CLASS = YES_ERROR;
				CLANG_WARN_QUOTED_INCLUDE_IN_FRAMEWORK_HEADER = YES;
				CLANG_WARN_RANGE_LOOP_ANALYSIS = YES;
				CLANG_WARN_STRICT_PROTOTYPES = YES;
				CLANG_WARN_SUSPICIOUS_MOVE = YES;
				CLANG_WARN_UNGUARDED_AVAILABILITY = YES_AGGRESSIVE;
				CLANG_WARN_UNREACHABLE_CODE = YES;
				CLANG_WARN__DUPLICATE_METHOD_MATCH = YES;
				COPY_PHASE_STRIP = NO;
				DEBUG_INFORMATION_FORMAT = "dwarf-with-dsym";
				ENABLE_NS_ASSERTIONS = NO;
				ENABLE_STRICT_OBJC_MSGSEND = YES;
				GCC_C_LANGUAGE_STANDARD = gnu11;
				GCC_NO_COMMON_BLOCKS = YES;
				GCC_WARN_64_TO_32_BIT_CONVERSION = YES;
				GCC_WARN_ABOUT_RETURN_TYPE = YES_ERROR;
				GCC_WARN_UNDECLARED_SELECTOR = YES;
				GCC_WARN_UNINITIALIZED_AUTOS = YES_AGGRESSIVE;
				GCC_WARN_UNUSED_FUNCTION = YES;
				GCC_WARN_UNUSED_VARIABLE = YES;
				IPHONEOS_DEPLOYMENT_TARGET = 14.0;
				MTL_ENABLE_DEBUG_INFO = NO;
				MTL_FAST_MATH = YES;
				SDKROOT = iphoneos;
				SWIFT_COMPILATION_MODE = wholemodule;
				SWIFT_OPTIMIZATION_LEVEL = "-O";
				VALIDATE_PRODUCT = YES;
			};
			name = Release;
		};
		2BDA38922553F7F70093CDD8 /* Debug */ = {
			isa = XCBuildConfiguration;
			baseConfigurationReference = E388E0F6744F8EAFAB6FD00A /* Pods-ToDo List.debug.xcconfig */;
			buildSettings = {
				ASSETCATALOG_COMPILER_APPICON_NAME = AppIcon;
				ASSETCATALOG_COMPILER_GLOBAL_ACCENT_COLOR_NAME = AccentColor;
				CODE_SIGN_STYLE = Automatic;
				DEVELOPMENT_TEAM = 5ZVBFKA54H;
				INFOPLIST_FILE = "ToDo List/Info.plist";
				LD_RUNPATH_SEARCH_PATHS = (
					"$(inherited)",
					"@executable_path/Frameworks",
				);
				PRODUCT_BUNDLE_IDENTIFIER = "co.mukatayev.ToDo-List";
				PRODUCT_NAME = "$(TARGET_NAME)";
				SWIFT_VERSION = 5.0;
				TARGETED_DEVICE_FAMILY = 1;
			};
			name = Debug;
		};
		2BDA38932553F7F70093CDD8 /* Release */ = {
			isa = XCBuildConfiguration;
			baseConfigurationReference = 608EDBC46DF75C1C13611859 /* Pods-ToDo List.release.xcconfig */;
			buildSettings = {
				ASSETCATALOG_COMPILER_APPICON_NAME = AppIcon;
				ASSETCATALOG_COMPILER_GLOBAL_ACCENT_COLOR_NAME = AccentColor;
				CODE_SIGN_STYLE = Automatic;
				DEVELOPMENT_TEAM = 5ZVBFKA54H;
				INFOPLIST_FILE = "ToDo List/Info.plist";
				LD_RUNPATH_SEARCH_PATHS = (
					"$(inherited)",
					"@executable_path/Frameworks",
				);
				PRODUCT_BUNDLE_IDENTIFIER = "co.mukatayev.ToDo-List";
				PRODUCT_NAME = "$(TARGET_NAME)";
				SWIFT_VERSION = 5.0;
				TARGETED_DEVICE_FAMILY = 1;
			};
			name = Release;
		};
/* End XCBuildConfiguration section */

/* Begin XCConfigurationList section */
		2BDA38752553F7F60093CDD8 /* Build configuration list for PBXProject "ToDo List" */ = {
			isa = XCConfigurationList;
			buildConfigurations = (
				2BDA388F2553F7F70093CDD8 /* Debug */,
				2BDA38902553F7F70093CDD8 /* Release */,
			);
			defaultConfigurationIsVisible = 0;
			defaultConfigurationName = Release;
		};
		2BDA38912553F7F70093CDD8 /* Build configuration list for PBXNativeTarget "ToDo List" */ = {
			isa = XCConfigurationList;
			buildConfigurations = (
				2BDA38922553F7F70093CDD8 /* Debug */,
				2BDA38932553F7F70093CDD8 /* Release */,
			);
			defaultConfigurationIsVisible = 0;
			defaultConfigurationName = Release;
		};
/* End XCConfigurationList section */

/* Begin XCVersionGroup section */
		2BDA38862553F7F60093CDD8 /* ToDo_List.xcdatamodeld */ = {
			isa = XCVersionGroup;
			children = (
				2BDA38872553F7F60093CDD8 /* ToDo_List.xcdatamodel */,
			);
			currentVersion = 2BDA38872553F7F60093CDD8 /* ToDo_List.xcdatamodel */;
			path = ToDo_List.xcdatamodeld;
			sourceTree = "<group>";
			versionGroupType = wrapper.xcdatamodel;
		};
/* End XCVersionGroup section */
	};
	rootObject = 2BDA38722553F7F60093CDD8 /* Project object */;
}
